
Microsoft Visual Studio Solution File, Format Version 12.00
# Visual Studio 15
VisualStudioVersion = 15.0.26124.0
MinimumVisualStudioVersion = 15.0.26124.0
Project("{2150E333-8FDC-42A3-9474-1A3956D46DE8}") = "src", "src", "{8685EF00-9117-4EDC-A85C-C36C59B6D932}"
EndProject
Project("{2150E333-8FDC-42A3-9474-1A3956D46DE8}") = "Presentation", "Presentation", "{85DF9FCC-90EC-4746-A7BE-258081A32893}"
EndProject
Project("{FAE04EC0-301F-11D3-BF4B-00C04F79EFBC}") = "TinyShoppingCart.Presentation.Admin", "src\Presentation\Admin\TinyShoppingCart.Presentation.Admin.csproj", "{A2789E09-62A8-49A5-BF30-C6EE465F4F17}"
EndProject
Project("{FAE04EC0-301F-11D3-BF4B-00C04F79EFBC}") = "TinyShoppingCart.Application", "src\Application\TinyShoppingCart.Application.csproj", "{A4751829-F83C-4339-9978-41E5B6664986}"
EndProject
Project("{FAE04EC0-301F-11D3-BF4B-00C04F79EFBC}") = "TinyShoppingCart.Domain", "src\Domain\TinyShoppingCart.Domain.csproj", "{C918E120-DCE8-48E1-96B0-E63DC19969AF}"
EndProject
Project("{FAE04EC0-301F-11D3-BF4B-00C04F79EFBC}") = "TinyShoppingCart.Infrastructure", "src\Infrastructure\TinyShoppingCart.Infrastructure.csproj", "{50DE9338-E158-4985-9608-F01F1FBA0B29}"
EndProject
Project("{2150E333-8FDC-42A3-9474-1A3956D46DE8}") = "test", "test", "{98077C39-B980-4196-AEF4-E8AA64EC4C82}"
EndProject
Project("{2150E333-8FDC-42A3-9474-1A3956D46DE8}") = "Presentation", "Presentation", "{C672F4C1-3C20-401E-8A48-F44E4D4F1490}"
EndProject
Project("{FAE04EC0-301F-11D3-BF4B-00C04F79EFBC}") = "TinyShoppingCart.Presentation.Admin.Tests", "test\Presentation\Admin.Tests\TinyShoppingCart.Presentation.Admin.Tests.csproj", "{82A31C22-4839-45F6-A38C-90C4EBE600C6}"
EndProject
Project("{FAE04EC0-301F-11D3-BF4B-00C04F79EFBC}") = "TinyShoppingCart.Infrastructure.Tests", "test\Infrastructure.Tests\TinyShoppingCart.Infrastructure.Tests.csproj", "{EC17AD20-22A8-4FF9-BB93-37589BCA227E}"
EndProject
Global
	GlobalSection(SolutionConfigurationPlatforms) = preSolution
		Debug|Any CPU = Debug|Any CPU
		Debug|x64 = Debug|x64
		Debug|x86 = Debug|x86
		Release|Any CPU = Release|Any CPU
		Release|x64 = Release|x64
		Release|x86 = Release|x86
	EndGlobalSection
	GlobalSection(SolutionProperties) = preSolution
		HideSolutionNode = FALSE
	EndGlobalSection
	GlobalSection(ProjectConfigurationPlatforms) = postSolution
		{A2789E09-62A8-49A5-BF30-C6EE465F4F17}.Debug|Any CPU.ActiveCfg = Debug|Any CPU
		{A2789E09-62A8-49A5-BF30-C6EE465F4F17}.Debug|Any CPU.Build.0 = Debug|Any CPU
		{A2789E09-62A8-49A5-BF30-C6EE465F4F17}.Debug|x64.ActiveCfg = Debug|x64
		{A2789E09-62A8-49A5-BF30-C6EE465F4F17}.Debug|x64.Build.0 = Debug|x64
		{A2789E09-62A8-49A5-BF30-C6EE465F4F17}.Debug|x86.ActiveCfg = Debug|x86
		{A2789E09-62A8-49A5-BF30-C6EE465F4F17}.Debug|x86.Build.0 = Debug|x86
		{A2789E09-62A8-49A5-BF30-C6EE465F4F17}.Release|Any CPU.ActiveCfg = Release|Any CPU
		{A2789E09-62A8-49A5-BF30-C6EE465F4F17}.Release|Any CPU.Build.0 = Release|Any CPU
		{A2789E09-62A8-49A5-BF30-C6EE465F4F17}.Release|x64.ActiveCfg = Release|x64
		{A2789E09-62A8-49A5-BF30-C6EE465F4F17}.Release|x64.Build.0 = Release|x64
		{A2789E09-62A8-49A5-BF30-C6EE465F4F17}.Release|x86.ActiveCfg = Release|x86
		{A2789E09-62A8-49A5-BF30-C6EE465F4F17}.Release|x86.Build.0 = Release|x86
		{A4751829-F83C-4339-9978-41E5B6664986}.Debug|Any CPU.ActiveCfg = Debug|Any CPU
		{A4751829-F83C-4339-9978-41E5B6664986}.Debug|Any CPU.Build.0 = Debug|Any CPU
		{A4751829-F83C-4339-9978-41E5B6664986}.Debug|x64.ActiveCfg = Debug|x64
		{A4751829-F83C-4339-9978-41E5B6664986}.Debug|x64.Build.0 = Debug|x64
		{A4751829-F83C-4339-9978-41E5B6664986}.Debug|x86.ActiveCfg = Debug|x86
		{A4751829-F83C-4339-9978-41E5B6664986}.Debug|x86.Build.0 = Debug|x86
		{A4751829-F83C-4339-9978-41E5B6664986}.Release|Any CPU.ActiveCfg = Release|Any CPU
		{A4751829-F83C-4339-9978-41E5B6664986}.Release|Any CPU.Build.0 = Release|Any CPU
		{A4751829-F83C-4339-9978-41E5B6664986}.Release|x64.ActiveCfg = Release|x64
		{A4751829-F83C-4339-9978-41E5B6664986}.Release|x64.Build.0 = Release|x64
		{A4751829-F83C-4339-9978-41E5B6664986}.Release|x86.ActiveCfg = Release|x86
		{A4751829-F83C-4339-9978-41E5B6664986}.Release|x86.Build.0 = Release|x86
		{C918E120-DCE8-48E1-96B0-E63DC19969AF}.Debug|Any CPU.ActiveCfg = Debug|Any CPU
		{C918E120-DCE8-48E1-96B0-E63DC19969AF}.Debug|Any CPU.Build.0 = Debug|Any CPU
		{C918E120-DCE8-48E1-96B0-E63DC19969AF}.Debug|x64.ActiveCfg = Debug|x64
		{C918E120-DCE8-48E1-96B0-E63DC19969AF}.Debug|x64.Build.0 = Debug|x64
		{C918E120-DCE8-48E1-96B0-E63DC19969AF}.Debug|x86.ActiveCfg = Debug|x86
		{C918E120-DCE8-48E1-96B0-E63DC19969AF}.Debug|x86.Build.0 = Debug|x86
		{C918E120-DCE8-48E1-96B0-E63DC19969AF}.Release|Any CPU.ActiveCfg = Release|Any CPU
		{C918E120-DCE8-48E1-96B0-E63DC19969AF}.Release|Any CPU.Build.0 = Release|Any CPU
		{C918E120-DCE8-48E1-96B0-E63DC19969AF}.Release|x64.ActiveCfg = Release|x64
		{C918E120-DCE8-48E1-96B0-E63DC19969AF}.Release|x64.Build.0 = Release|x64
		{C918E120-DCE8-48E1-96B0-E63DC19969AF}.Release|x86.ActiveCfg = Release|x86
		{C918E120-DCE8-48E1-96B0-E63DC19969AF}.Release|x86.Build.0 = Release|x86
		{50DE9338-E158-4985-9608-F01F1FBA0B29}.Debug|Any CPU.ActiveCfg = Debug|Any CPU
		{50DE9338-E158-4985-9608-F01F1FBA0B29}.Debug|Any CPU.Build.0 = Debug|Any CPU
		{50DE9338-E158-4985-9608-F01F1FBA0B29}.Debug|x64.ActiveCfg = Debug|x64
		{50DE9338-E158-4985-9608-F01F1FBA0B29}.Debug|x64.Build.0 = Debug|x64
		{50DE9338-E158-4985-9608-F01F1FBA0B29}.Debug|x86.ActiveCfg = Debug|x86
		{50DE9338-E158-4985-9608-F01F1FBA0B29}.Debug|x86.Build.0 = Debug|x86
		{50DE9338-E158-4985-9608-F01F1FBA0B29}.Release|Any CPU.ActiveCfg = Release|Any CPU
		{50DE9338-E158-4985-9608-F01F1FBA0B29}.Release|Any CPU.Build.0 = Release|Any CPU
		{50DE9338-E158-4985-9608-F01F1FBA0B29}.Release|x64.ActiveCfg = Release|x64
		{50DE9338-E158-4985-9608-F01F1FBA0B29}.Release|x64.Build.0 = Release|x64
		{50DE9338-E158-4985-9608-F01F1FBA0B29}.Release|x86.ActiveCfg = Release|x86
		{50DE9338-E158-4985-9608-F01F1FBA0B29}.Release|x86.Build.0 = Release|x86
		{82A31C22-4839-45F6-A38C-90C4EBE600C6}.Debug|Any CPU.ActiveCfg = Debug|Any CPU
		{82A31C22-4839-45F6-A38C-90C4EBE600C6}.Debug|Any CPU.Build.0 = Debug|Any CPU
		{82A31C22-4839-45F6-A38C-90C4EBE600C6}.Debug|x64.ActiveCfg = Debug|x64
		{82A31C22-4839-45F6-A38C-90C4EBE600C6}.Debug|x64.Build.0 = Debug|x64
		{82A31C22-4839-45F6-A38C-90C4EBE600C6}.Debug|x86.ActiveCfg = Debug|x86
		{82A31C22-4839-45F6-A38C-90C4EBE600C6}.Debug|x86.Build.0 = Debug|x86
		{82A31C22-4839-45F6-A38C-90C4EBE600C6}.Release|Any CPU.ActiveCfg = Release|Any CPU
		{82A31C22-4839-45F6-A38C-90C4EBE600C6}.Release|Any CPU.Build.0 = Release|Any CPU
		{82A31C22-4839-45F6-A38C-90C4EBE600C6}.Release|x64.ActiveCfg = Release|x64
		{82A31C22-4839-45F6-A38C-90C4EBE600C6}.Release|x64.Build.0 = Release|x64
		{82A31C22-4839-45F6-A38C-90C4EBE600C6}.Release|x86.ActiveCfg = Release|x86
		{82A31C22-4839-45F6-A38C-90C4EBE600C6}.Release|x86.Build.0 = Release|x86
		{EC17AD20-22A8-4FF9-BB93-37589BCA227E}.Debug|Any CPU.ActiveCfg = Debug|Any CPU
		{EC17AD20-22A8-4FF9-BB93-37589BCA227E}.Debug|Any CPU.Build.0 = Debug|Any CPU
		{EC17AD20-22A8-4FF9-BB93-37589BCA227E}.Debug|x64.ActiveCfg = Debug|x64
		{EC17AD20-22A8-4FF9-BB93-37589BCA227E}.Debug|x64.Build.0 = Debug|x64
		{EC17AD20-22A8-4FF9-BB93-37589BCA227E}.Debug|x86.ActiveCfg = Debug|x86
		{EC17AD20-22A8-4FF9-BB93-37589BCA227E}.Debug|x86.Build.0 = Debug|x86
		{EC17AD20-22A8-4FF9-BB93-37589BCA227E}.Release|Any CPU.ActiveCfg = Release|Any CPU
		{EC17AD20-22A8-4FF9-BB93-37589BCA227E}.Release|Any CPU.Build.0 = Release|Any CPU
		{EC17AD20-22A8-4FF9-BB93-37589BCA227E}.Release|x64.ActiveCfg = Release|x64
		{EC17AD20-22A8-4FF9-BB93-37589BCA227E}.Release|x64.Build.0 = Release|x64
		{EC17AD20-22A8-4FF9-BB93-37589BCA227E}.Release|x86.ActiveCfg = Release|x86
		{EC17AD20-22A8-4FF9-BB93-37589BCA227E}.Release|x86.Build.0 = Release|x86
	EndGlobalSection
	GlobalSection(NestedProjects) = preSolution
		{85DF9FCC-90EC-4746-A7BE-258081A32893} = {8685EF00-9117-4EDC-A85C-C36C59B6D932}
		{A2789E09-62A8-49A5-BF30-C6EE465F4F17} = {85DF9FCC-90EC-4746-A7BE-258081A32893}
		{A4751829-F83C-4339-9978-41E5B6664986} = {8685EF00-9117-4EDC-A85C-C36C59B6D932}
		{C918E120-DCE8-48E1-96B0-E63DC19969AF} = {8685EF00-9117-4EDC-A85C-C36C59B6D932}
		{50DE9338-E158-4985-9608-F01F1FBA0B29} = {8685EF00-9117-4EDC-A85C-C36C59B6D932}
		{C672F4C1-3C20-401E-8A48-F44E4D4F1490} = {98077C39-B980-4196-AEF4-E8AA64EC4C82}
		{82A31C22-4839-45F6-A38C-90C4EBE600C6} = {C672F4C1-3C20-401E-8A48-F44E4D4F1490}
		{EC17AD20-22A8-4FF9-BB93-37589BCA227E} = {98077C39-B980-4196-AEF4-E8AA64EC4C82}
	EndGlobalSection
EndGlobal
